
Microsoft Visual Studio Solution File, Format Version 12.00
# Visual Studio Version 17
VisualStudioVersion = 17.8.34330.188
MinimumVisualStudioVersion = 10.0.40219.1
Project("{FAE04EC0-301F-11D3-BF4B-00C04F79EFBC}") = "NeonLite3", "NeonLite3.csproj", "{1DE1E79A-01E5-48F7-B877-48836E3EB396}"
EndProject
Global
	GlobalSection(SolutionConfigurationPlatforms) = preSolution
		Debug|Any CPU = Debug|Any CPU
		Release|Any CPU = Release|Any CPU
		Release-Xbox|Any CPU = Release-Xbox|Any CPU
	EndGlobalSection
	GlobalSection(ProjectConfigurationPlatforms) = postSolution
		{1DE1E79A-01E5-48F7-B877-48836E3EB396}.Debug|Any CPU.ActiveCfg = Debug|Any CPU
		{1DE1E79A-01E5-48F7-B877-48836E3EB396}.Debug|Any CPU.Build.0 = Debug|Any CPU
		{1DE1E79A-01E5-48F7-B877-48836E3EB396}.Release|Any CPU.ActiveCfg = Release|Any CPU
		{1DE1E79A-01E5-48F7-B877-48836E3EB396}.Release|Any CPU.Build.0 = Release|Any CPU
		{1DE1E79A-01E5-48F7-B877-48836E3EB396}.Release-Xbox|Any CPU.ActiveCfg = Release-Xbox|Any CPU
		{1DE1E79A-01E5-48F7-B877-48836E3EB396}.Release-Xbox|Any CPU.Build.0 = Release-Xbox|Any CPU
	EndGlobalSection
	GlobalSection(SolutionProperties) = preSolution
		HideSolutionNode = FALSE
	EndGlobalSection
	GlobalSection(ExtensibilityGlobals) = postSolution
		SolutionGuid = {33EDCD57-FAA4-4E1F-8D1F-D7BB5EBD3DE6}
	EndGlobalSection
EndGlobal
